
Microsoft Visual Studio Solution File, Format Version 12.00
# Visual Studio Version 17
VisualStudioVersion = 17.4.32804.182
MinimumVisualStudioVersion = 10.0.40219.1
Project("{FAE04EC0-301F-11D3-BF4B-00C04F79EFBC}") = "ce205-hw4-algorithms-cs", "ce205-hw2-algorithms-cs\ce205-hw4-algorithms-cs.csproj", "{DA061D1F-5C66-49B1-BA4A-76C46A62C28A}"
EndProject
Project("{FAE04EC0-301F-11D3-BF4B-00C04F79EFBC}") = "ce205-hw4-algorithms-form", "ce205-hw4-algorithms-form\ce205-hw4-algorithms-form.csproj", "{AA641275-750C-49FE-9FB8-C62E41762CF7}"
EndProject
Project("{FAE04EC0-301F-11D3-BF4B-00C04F79EFBC}") = "ce205-hw4-test-cs", "ce205-hw4-test-cs\ce205-hw4-test-cs.csproj", "{ED9A8C02-DB31-47FA-ABEB-38BABBA400B4}"
EndProject
Global
	GlobalSection(SolutionConfigurationPlatforms) = preSolution
		Debug|Any CPU = Debug|Any CPU
		Release|Any CPU = Release|Any CPU
	EndGlobalSection
	GlobalSection(ProjectConfigurationPlatforms) = postSolution
		{DA061D1F-5C66-49B1-BA4A-76C46A62C28A}.Debug|Any CPU.ActiveCfg = Debug|Any CPU
		{DA061D1F-5C66-49B1-BA4A-76C46A62C28A}.Debug|Any CPU.Build.0 = Debug|Any CPU
		{DA061D1F-5C66-49B1-BA4A-76C46A62C28A}.Release|Any CPU.ActiveCfg = Release|Any CPU
		{DA061D1F-5C66-49B1-BA4A-76C46A62C28A}.Release|Any CPU.Build.0 = Release|Any CPU
		{AA641275-750C-49FE-9FB8-C62E41762CF7}.Debug|Any CPU.ActiveCfg = Debug|Any CPU
		{AA641275-750C-49FE-9FB8-C62E41762CF7}.Debug|Any CPU.Build.0 = Debug|Any CPU
		{AA641275-750C-49FE-9FB8-C62E41762CF7}.Release|Any CPU.ActiveCfg = Release|Any CPU
		{AA641275-750C-49FE-9FB8-C62E41762CF7}.Release|Any CPU.Build.0 = Release|Any CPU
		{ED9A8C02-DB31-47FA-ABEB-38BABBA400B4}.Debug|Any CPU.ActiveCfg = Debug|Any CPU
		{ED9A8C02-DB31-47FA-ABEB-38BABBA400B4}.Debug|Any CPU.Build.0 = Debug|Any CPU
		{ED9A8C02-DB31-47FA-ABEB-38BABBA400B4}.Release|Any CPU.ActiveCfg = Release|Any CPU
		{ED9A8C02-DB31-47FA-ABEB-38BABBA400B4}.Release|Any CPU.Build.0 = Release|Any CPU
	EndGlobalSection
	GlobalSection(SolutionProperties) = preSolution
		HideSolutionNode = FALSE
	EndGlobalSection
	GlobalSection(ExtensibilityGlobals) = postSolution
		SolutionGuid = {665FD679-5AB9-4121-BAF4-FCAFDBE8A596}
	EndGlobalSection
EndGlobal
